{
  "name": "recordset-to-text",
  "version": "1.0.0",
  "lockfileVersion": 1,
  "requires": true,
  "dependencies": {
    "@types/node": {
      "version": "12.12.19",
      "resolved": "https://registry.npmjs.org/@types/node/-/node-12.12.19.tgz",
      "integrity": "sha512-OXw80IpKyLeuZ5a8r2XCxVNnRAtS3lRDHBleSUQmbgu3C6eKqRsz7/5XNBU0EvK0RTVfotvYFgvRwwe2jeoiKw=="
    },
    "JSONStream": {
      "version": "1.3.5",
      "resolved": "https://registry.npmjs.org/JSONStream/-/JSONStream-1.3.5.tgz",
      "integrity": "sha512-E+iruNOY8VV9s4JEbe1aNEm6MiszPRr/UfcHMz0TQh1BXSxHK+ASV1R6W4HpjBhSeS+54PIsAMCBmwD06LLsqQ==",
      "requires": {
        "jsonparse": "^1.2.0",
        "through": ">=2.2.7 <3"
      }
    },
    "csv": {
      "version": "5.3.1",
      "resolved": "https://registry.npmjs.org/csv/-/csv-5.3.1.tgz",
      "integrity": "sha512-UBO4x5EYpihikfjHUQ7dCTIgC+e9TrWWZbCcoMr935tcAZfXT1MZKHLD+aYSHs1jwW2G1uljpFfJ4XxYwQ6t5w==",
      "requires": {
        "csv-generate": "^3.2.4",
        "csv-parse": "^4.8.2",
        "csv-stringify": "^5.3.4",
        "stream-transform": "^2.0.1"
      }
    },
    "csv-generate": {
      "version": "3.2.4",
      "resolved": "https://registry.npmjs.org/csv-generate/-/csv-generate-3.2.4.tgz",
      "integrity": "sha512-qNM9eqlxd53TWJeGtY1IQPj90b563Zx49eZs8e0uMyEvPgvNVmX1uZDtdzAcflB3PniuH9creAzcFOdyJ9YGvA=="
    },
    "csv-parse": {
      "version": "4.8.2",
      "resolved": "https://registry.npmjs.org/csv-parse/-/csv-parse-4.8.2.tgz",
      "integrity": "sha512-WfYwyJepTbjS5jWAWpVskOJ8Z10231HaFw6qJhSjGrpfMPf3yuoRohlasYsP/6/3YgTQcvZpTvoUo37eaei9Fw=="
    },
    "csv-stringify": {
      "version": "5.3.4",
      "resolved": "https://registry.npmjs.org/csv-stringify/-/csv-stringify-5.3.4.tgz",
      "integrity": "sha512-w3sjZh/b5xvN1NeWPbMBnvW+Q4D+cCoAk/2J0C/DqJKV3dHqseQGzP/BsdpqbIBl5UTFQxHgHkSUu5aiMFT62g=="
    },
    "jsonparse": {
      "version": "1.3.1",
      "resolved": "https://registry.npmjs.org/jsonparse/-/jsonparse-1.3.1.tgz",
      "integrity": "sha1-P02uSpH6wxX3EGL4UhzCOfE2YoA="
    },
    "mixme": {
      "version": "0.3.5",
      "resolved": "https://registry.npmjs.org/mixme/-/mixme-0.3.5.tgz",
      "integrity": "sha512-SyV9uPETRig5ZmYev0ANfiGeB+g6N2EnqqEfBbCGmmJ6MgZ3E4qv5aPbnHVdZ60KAHHXV+T3sXopdrnIXQdmjQ=="
    },
    "stream-transform": {
      "version": "2.0.1",
      "resolved": "https://registry.npmjs.org/stream-transform/-/stream-transform-2.0.1.tgz",
      "integrity": "sha512-GiTcO/rRvZP2R8WPwxmxCFP+Of1yIATuFAmYkvSLDfcD93X2WHiPwdgIqeFT2CvL1gyAsjQvu1nB6RDNQ5b2jw==",
      "requires": {
        "mixme": "^0.3.1"
      }
    },
    "through": {
      "version": "2.3.8",
      "resolved": "https://registry.npmjs.org/through/-/through-2.3.8.tgz",
      "integrity": "sha1-DdTJ/6q8NXlgsbckEV1+Doai4fU="
    },
    "typescript": {
      "version": "3.7.3",
      "resolved": "https://registry.npmjs.org/typescript/-/typescript-3.7.3.tgz",
      "integrity": "sha512-Mcr/Qk7hXqFBXMN7p7Lusj1ktCBydylfQM/FZCk5glCNQJrCUKPkMHdo9R0MTFWsC/4kPFvDS0fDPvukfCkFsw==",
      "dev": true
    }
  }
}
